// !$*UTF8*$!
{
	archiveVersion = 1;
	classes = {
	};
	objectVersion = 50;
	objects = {

/* Begin PBXBuildFile section */
		94C71AC4218229D3004F9FA3 /* WeatherNow.xcassets in Resources */ = {isa = PBXBuildFile; fileRef = 94C71ABF218229D3004F9FA3 /* WeatherNow.xcassets */; };
		94C71AC721822A00004F9FA3 /* Launch Screen.storyboard in Resources */ = {isa = PBXBuildFile; fileRef = 94C71AC621822A00004F9FA3 /* Launch Screen.storyboard */; };
		94C71AC921822A1A004F9FA3 /* Main.storyboard in Resources */ = {isa = PBXBuildFile; fileRef = 94C71AC821822A1A004F9FA3 /* Main.storyboard */; };
		94C71AD221822B5A004F9FA3 /* OpenWeatherAPITests.swift in Sources */ = {isa = PBXBuildFile; fileRef = 94C71AD021822B55004F9FA3 /* OpenWeatherAPITests.swift */; };
		94C71AD421822BF1004F9FA3 /* App_Ctr.swift in Sources */ = {isa = PBXBuildFile; fileRef = 94C71AD321822BF1004F9FA3 /* App_Ctr.swift */; };
		94C71AD721822D96004F9FA3 /* OpenWeatherAPI.swift in Sources */ = {isa = PBXBuildFile; fileRef = 94C71AD621822D96004F9FA3 /* OpenWeatherAPI.swift */; };
		94C71AD92182348A004F9FA3 /* BundleInfo.swift in Sources */ = {isa = PBXBuildFile; fileRef = 94C71AD82182348A004F9FA3 /* BundleInfo.swift */; };
		94C71ADC21824129004F9FA3 /* Result.swift in Sources */ = {isa = PBXBuildFile; fileRef = 94C71ADB21824129004F9FA3 /* Result.swift */; };
		94C71ADF21824B60004F9FA3 /* WeatherProvider.swift in Sources */ = {isa = PBXBuildFile; fileRef = 94C71ADE21824B60004F9FA3 /* WeatherProvider.swift */; };
		94C71AE221824E5E004F9FA3 /* Map.swift in Sources */ = {isa = PBXBuildFile; fileRef = 94C71AE121824E5E004F9FA3 /* Map.swift */; };
		94C71AE421824E7A004F9FA3 /* Map_Ctr.swift in Sources */ = {isa = PBXBuildFile; fileRef = 94C71AE321824E7A004F9FA3 /* Map_Ctr.swift */; };
		94C71AE721825496004F9FA3 /* LocationInfo.swift in Sources */ = {isa = PBXBuildFile; fileRef = 94C71AE621825496004F9FA3 /* LocationInfo.swift */; };
		94C71AE9218254AD004F9FA3 /* LocationInfo_Ctr.swift in Sources */ = {isa = PBXBuildFile; fileRef = 94C71AE8218254AD004F9FA3 /* LocationInfo_Ctr.swift */; };
		94C71AED21825664004F9FA3 /* Root_Ctr.swift in Sources */ = {isa = PBXBuildFile; fileRef = 94C71AEC21825664004F9FA3 /* Root_Ctr.swift */; };
		94C71AF021825698004F9FA3 /* Root.swift in Sources */ = {isa = PBXBuildFile; fileRef = 94C71AEF21825698004F9FA3 /* Root.swift */; };
		94C71AF5218290B4004F9FA3 /* WeatherSnapshot.swift in Sources */ = {isa = PBXBuildFile; fileRef = 94C71AF4218290B4004F9FA3 /* WeatherSnapshot.swift */; };
		94C71AFA2182A4B5004F9FA3 /* Root_BaseCtr.swift in Sources */ = {isa = PBXBuildFile; fileRef = 94C71AF92182A4B5004F9FA3 /* Root_BaseCtr.swift */; };
		94C71AFC21849E14004F9FA3 /* Do.swift in Sources */ = {isa = PBXBuildFile; fileRef = 94C71AFB21849E14004F9FA3 /* Do.swift */; };
		94C71B012184E28B004F9FA3 /* App.swift in Sources */ = {isa = PBXBuildFile; fileRef = 94C71B002184E28B004F9FA3 /* App.swift */; };
		94C71B032184E2BB004F9FA3 /* AppDelegate.swift in Sources */ = {isa = PBXBuildFile; fileRef = 94C71B022184E2BB004F9FA3 /* AppDelegate.swift */; };
		94C71B0821852FE1004F9FA3 /* OpenWeatherAPI_CurrentWeather.swift in Sources */ = {isa = PBXBuildFile; fileRef = 94C71B0721852FE1004F9FA3 /* OpenWeatherAPI_CurrentWeather.swift */; };
/* End PBXBuildFile section */

/* Begin PBXContainerItemProxy section */
		94C71AAC218228C4004F9FA3 /* PBXContainerItemProxy */ = {
			isa = PBXContainerItemProxy;
			containerPortal = 94C71A8C218228C3004F9FA3 /* Project object */;
			proxyType = 1;
			remoteGlobalIDString = 94C71A93218228C3004F9FA3;
			remoteInfo = WeatherNow;
		};
/* End PBXContainerItemProxy section */

/* Begin PBXFileReference section */
		94C71A94218228C3004F9FA3 /* WeatherNow.app */ = {isa = PBXFileReference; explicitFileType = wrapper.application; includeInIndex = 0; path = WeatherNow.app; sourceTree = BUILT_PRODUCTS_DIR; };
		94C71AAB218228C4004F9FA3 /* WeatherNowTests.xctest */ = {isa = PBXFileReference; explicitFileType = wrapper.cfbundle; includeInIndex = 0; path = WeatherNowTests.xctest; sourceTree = BUILT_PRODUCTS_DIR; };
		94C71ABF218229D3004F9FA3 /* WeatherNow.xcassets */ = {isa = PBXFileReference; lastKnownFileType = folder.assetcatalog; path = WeatherNow.xcassets; sourceTree = "<group>"; };
		94C71AC621822A00004F9FA3 /* Launch Screen.storyboard */ = {isa = PBXFileReference; lastKnownFileType = file.storyboard; path = "Launch Screen.storyboard"; sourceTree = "<group>"; };
		94C71AC821822A1A004F9FA3 /* Main.storyboard */ = {isa = PBXFileReference; lastKnownFileType = file.storyboard; path = Main.storyboard; sourceTree = "<group>"; };
		94C71AD021822B55004F9FA3 /* OpenWeatherAPITests.swift */ = {isa = PBXFileReference; fileEncoding = 4; lastKnownFileType = sourcecode.swift; path = OpenWeatherAPITests.swift; sourceTree = "<group>"; };
		94C71AD321822BF1004F9FA3 /* App_Ctr.swift */ = {isa = PBXFileReference; lastKnownFileType = sourcecode.swift; path = App_Ctr.swift; sourceTree = "<group>"; };
		94C71AD621822D96004F9FA3 /* OpenWeatherAPI.swift */ = {isa = PBXFileReference; lastKnownFileType = sourcecode.swift; path = OpenWeatherAPI.swift; sourceTree = "<group>"; };
		94C71AD82182348A004F9FA3 /* BundleInfo.swift */ = {isa = PBXFileReference; lastKnownFileType = sourcecode.swift; path = BundleInfo.swift; sourceTree = "<group>"; };
		94C71ADB21824129004F9FA3 /* Result.swift */ = {isa = PBXFileReference; lastKnownFileType = sourcecode.swift; path = Result.swift; sourceTree = "<group>"; };
		94C71ADE21824B60004F9FA3 /* WeatherProvider.swift */ = {isa = PBXFileReference; lastKnownFileType = sourcecode.swift; path = WeatherProvider.swift; sourceTree = "<group>"; };
		94C71AE121824E5E004F9FA3 /* Map.swift */ = {isa = PBXFileReference; lastKnownFileType = sourcecode.swift; path = Map.swift; sourceTree = "<group>"; };
		94C71AE321824E7A004F9FA3 /* Map_Ctr.swift */ = {isa = PBXFileReference; lastKnownFileType = sourcecode.swift; path = Map_Ctr.swift; sourceTree = "<group>"; };
		94C71AE621825496004F9FA3 /* LocationInfo.swift */ = {isa = PBXFileReference; lastKnownFileType = sourcecode.swift; path = LocationInfo.swift; sourceTree = "<group>"; };
		94C71AE8218254AD004F9FA3 /* LocationInfo_Ctr.swift */ = {isa = PBXFileReference; lastKnownFileType = sourcecode.swift; path = LocationInfo_Ctr.swift; sourceTree = "<group>"; };
		94C71AEC21825664004F9FA3 /* Root_Ctr.swift */ = {isa = PBXFileReference; lastKnownFileType = sourcecode.swift; path = Root_Ctr.swift; sourceTree = "<group>"; };
		94C71AEF21825698004F9FA3 /* Root.swift */ = {isa = PBXFileReference; lastKnownFileType = sourcecode.swift; path = Root.swift; sourceTree = "<group>"; };
		94C71AF4218290B4004F9FA3 /* WeatherSnapshot.swift */ = {isa = PBXFileReference; lastKnownFileType = sourcecode.swift; path = WeatherSnapshot.swift; sourceTree = "<group>"; };
		94C71AF92182A4B5004F9FA3 /* Root_BaseCtr.swift */ = {isa = PBXFileReference; lastKnownFileType = sourcecode.swift; path = Root_BaseCtr.swift; sourceTree = "<group>"; };
		94C71AFB21849E14004F9FA3 /* Do.swift */ = {isa = PBXFileReference; lastKnownFileType = sourcecode.swift; path = Do.swift; sourceTree = "<group>"; };
		94C71B002184E28B004F9FA3 /* App.swift */ = {isa = PBXFileReference; lastKnownFileType = sourcecode.swift; path = App.swift; sourceTree = "<group>"; };
		94C71B022184E2BB004F9FA3 /* AppDelegate.swift */ = {isa = PBXFileReference; lastKnownFileType = sourcecode.swift; path = AppDelegate.swift; sourceTree = "<group>"; };
		94C71B0721852FE1004F9FA3 /* OpenWeatherAPI_CurrentWeather.swift */ = {isa = PBXFileReference; lastKnownFileType = sourcecode.swift; path = OpenWeatherAPI_CurrentWeather.swift; sourceTree = "<group>"; };
/* End PBXFileReference section */

/* Begin PBXFrameworksBuildPhase section */
		94C71A91218228C3004F9FA3 /* Frameworks */ = {
			isa = PBXFrameworksBuildPhase;
			buildActionMask = 2147483647;
			files = (
			);
			runOnlyForDeploymentPostprocessing = 0;
		};
		94C71AA8218228C4004F9FA3 /* Frameworks */ = {
			isa = PBXFrameworksBuildPhase;
			buildActionMask = 2147483647;
			files = (
			);
			runOnlyForDeploymentPostprocessing = 0;
		};
/* End PBXFrameworksBuildPhase section */

/* Begin PBXGroup section */
		94C71A8B218228C3004F9FA3 = {
			isa = PBXGroup;
			children = (
				94C71A95218228C3004F9FA3 /* Products */,
				94C71ABA218229D3004F9FA3 /* Resources */,
				94C71ACA21822B46004F9FA3 /* Sources */,
				94C71ACF21822B55004F9FA3 /* Tests */,
			);
			sourceTree = "<group>";
		};
		94C71A95218228C3004F9FA3 /* Products */ = {
			isa = PBXGroup;
			children = (
				94C71A94218228C3004F9FA3 /* WeatherNow.app */,
				94C71AAB218228C4004F9FA3 /* WeatherNowTests.xctest */,
			);
			name = Products;
			sourceTree = "<group>";
		};
		94C71ABA218229D3004F9FA3 /* Resources */ = {
			isa = PBXGroup;
			children = (
				94C71AC621822A00004F9FA3 /* Launch Screen.storyboard */,
				94C71AC821822A1A004F9FA3 /* Main.storyboard */,
				94C71ABF218229D3004F9FA3 /* WeatherNow.xcassets */,
			);
			path = Resources;
			sourceTree = "<group>";
		};
		94C71ACA21822B46004F9FA3 /* Sources */ = {
			isa = PBXGroup;
			children = (
				94C71B022184E2BB004F9FA3 /* AppDelegate.swift */,
				94C71ADD21824B3C004F9FA3 /* Components */,
				94C71AF321828F83004F9FA3 /* Entities */,
				94C71ADA2182411C004F9FA3 /* Helpers */,
				94C71AD521822D52004F9FA3 /* Services */,
			);
			path = Sources;
			sourceTree = "<group>";
		};
		94C71ACF21822B55004F9FA3 /* Tests */ = {
			isa = PBXGroup;
			children = (
				94C71AD021822B55004F9FA3 /* OpenWeatherAPITests.swift */,
			);
			path = Tests;
			sourceTree = "<group>";
		};
		94C71AD521822D52004F9FA3 /* Services */ = {
			isa = PBXGroup;
			children = (
				94C71AD82182348A004F9FA3 /* BundleInfo.swift */,
				94C71B0621852FC5004F9FA3 /* OpenWeatherAPI */,
			);
			path = Services;
			sourceTree = "<group>";
		};
		94C71ADA2182411C004F9FA3 /* Helpers */ = {
			isa = PBXGroup;
			children = (
				94C71AFB21849E14004F9FA3 /* Do.swift */,
				94C71ADB21824129004F9FA3 /* Result.swift */,
			);
			path = Helpers;
			sourceTree = "<group>";
		};
		94C71ADD21824B3C004F9FA3 /* Components */ = {
			isa = PBXGroup;
			children = (
				94C71AFF2184E282004F9FA3 /* App */,
				94C71AE521825486004F9FA3 /* LocationInfo */,
				94C71AE021824E53004F9FA3 /* Map */,
				94C71AEE2182568E004F9FA3 /* Root */,
				94C71ADE21824B60004F9FA3 /* WeatherProvider.swift */,
			);
			path = Components;
			sourceTree = "<group>";
		};
		94C71AE021824E53004F9FA3 /* Map */ = {
			isa = PBXGroup;
			children = (
				94C71AE121824E5E004F9FA3 /* Map.swift */,
				94C71AE321824E7A004F9FA3 /* Map_Ctr.swift */,
			);
			path = Map;
			sourceTree = "<group>";
		};
		94C71AE521825486004F9FA3 /* LocationInfo */ = {
			isa = PBXGroup;
			children = (
				94C71AE621825496004F9FA3 /* LocationInfo.swift */,
				94C71AE8218254AD004F9FA3 /* LocationInfo_Ctr.swift */,
			);
			path = LocationInfo;
			sourceTree = "<group>";
		};
		94C71AEE2182568E004F9FA3 /* Root */ = {
			isa = PBXGroup;
			children = (
				94C71AEF21825698004F9FA3 /* Root.swift */,
				94C71AF92182A4B5004F9FA3 /* Root_BaseCtr.swift */,
				94C71AEC21825664004F9FA3 /* Root_Ctr.swift */,
			);
			path = Root;
			sourceTree = "<group>";
		};
		94C71AF321828F83004F9FA3 /* Entities */ = {
			isa = PBXGroup;
			children = (
				94C71AF4218290B4004F9FA3 /* WeatherSnapshot.swift */,
			);
			path = Entities;
			sourceTree = "<group>";
		};
		94C71AFF2184E282004F9FA3 /* App */ = {
			isa = PBXGroup;
			children = (
				94C71B002184E28B004F9FA3 /* App.swift */,
				94C71AD321822BF1004F9FA3 /* App_Ctr.swift */,
			);
			path = App;
			sourceTree = "<group>";
		};
		94C71B0621852FC5004F9FA3 /* OpenWeatherAPI */ = {
			isa = PBXGroup;
			children = (
				94C71AD621822D96004F9FA3 /* OpenWeatherAPI.swift */,
				94C71B0721852FE1004F9FA3 /* OpenWeatherAPI_CurrentWeather.swift */,
			);
			path = OpenWeatherAPI;
			sourceTree = "<group>";
		};
/* End PBXGroup section */

/* Begin PBXNativeTarget section */
		94C71A93218228C3004F9FA3 /* WeatherNow */ = {
			isa = PBXNativeTarget;
			buildConfigurationList = 94C71AB4218228C4004F9FA3 /* Build configuration list for PBXNativeTarget "WeatherNow" */;
			buildPhases = (
				94C71A90218228C3004F9FA3 /* Sources */,
				94C71A91218228C3004F9FA3 /* Frameworks */,
				94C71A92218228C3004F9FA3 /* Resources */,
			);
			buildRules = (
			);
			dependencies = (
			);
			name = WeatherNow;
			productName = WeatherNow;
			productReference = 94C71A94218228C3004F9FA3 /* WeatherNow.app */;
			productType = "com.apple.product-type.application";
		};
		94C71AAA218228C4004F9FA3 /* WeatherNowTests */ = {
			isa = PBXNativeTarget;
			buildConfigurationList = 94C71AB7218228C4004F9FA3 /* Build configuration list for PBXNativeTarget "WeatherNowTests" */;
			buildPhases = (
				94C71AA7218228C4004F9FA3 /* Sources */,
				94C71AA8218228C4004F9FA3 /* Frameworks */,
				94C71AA9218228C4004F9FA3 /* Resources */,
			);
			buildRules = (
			);
			dependencies = (
				94C71AAD218228C4004F9FA3 /* PBXTargetDependency */,
			);
			name = WeatherNowTests;
			productName = WeatherNowTests;
			productReference = 94C71AAB218228C4004F9FA3 /* WeatherNowTests.xctest */;
			productType = "com.apple.product-type.bundle.unit-test";
		};
/* End PBXNativeTarget section */

/* Begin PBXProject section */
		94C71A8C218228C3004F9FA3 /* Project object */ = {
			isa = PBXProject;
			attributes = {
				LastSwiftUpdateCheck = 1000;
				LastUpgradeCheck = 1000;
				ORGANIZATIONNAME = "Maxim Khatskevich";
				TargetAttributes = {
					94C71A93218228C3004F9FA3 = {
						CreatedOnToolsVersion = 10.0;
					};
					94C71AAA218228C4004F9FA3 = {
						CreatedOnToolsVersion = 10.0;
						TestTargetID = 94C71A93218228C3004F9FA3;
					};
				};
			};
			buildConfigurationList = 94C71A8F218228C3004F9FA3 /* Build configuration list for PBXProject "WeatherNow" */;
			compatibilityVersion = "Xcode 9.3";
			developmentRegion = en;
			hasScannedForEncodings = 0;
			knownRegions = (
				en,
				Base,
			);
			mainGroup = 94C71A8B218228C3004F9FA3;
			productRefGroup = 94C71A95218228C3004F9FA3 /* Products */;
			projectDirPath = "";
			projectRoot = "";
			targets = (
				94C71A93218228C3004F9FA3 /* WeatherNow */,
				94C71AAA218228C4004F9FA3 /* WeatherNowTests */,
			);
		};
/* End PBXProject section */

/* Begin PBXResourcesBuildPhase section */
		94C71A92218228C3004F9FA3 /* Resources */ = {
			isa = PBXResourcesBuildPhase;
			buildActionMask = 2147483647;
			files = (
				94C71AC721822A00004F9FA3 /* Launch Screen.storyboard in Resources */,
				94C71AC921822A1A004F9FA3 /* Main.storyboard in Resources */,
				94C71AC4218229D3004F9FA3 /* WeatherNow.xcassets in Resources */,
			);
			runOnlyForDeploymentPostprocessing = 0;
		};
		94C71AA9218228C4004F9FA3 /* Resources */ = {
			isa = PBXResourcesBuildPhase;
			buildActionMask = 2147483647;
			files = (
			);
			runOnlyForDeploymentPostprocessing = 0;
		};
/* End PBXResourcesBuildPhase section */

/* Begin PBXSourcesBuildPhase section */
		94C71A90218228C3004F9FA3 /* Sources */ = {
			isa = PBXSourcesBuildPhase;
			buildActionMask = 2147483647;
			files = (
				94C71B012184E28B004F9FA3 /* App.swift in Sources */,
				94C71AD421822BF1004F9FA3 /* App_Ctr.swift in Sources */,
				94C71B032184E2BB004F9FA3 /* AppDelegate.swift in Sources */,
				94C71AD92182348A004F9FA3 /* BundleInfo.swift in Sources */,
				94C71AFC21849E14004F9FA3 /* Do.swift in Sources */,
				94C71AE721825496004F9FA3 /* LocationInfo.swift in Sources */,
				94C71AE9218254AD004F9FA3 /* LocationInfo_Ctr.swift in Sources */,
				94C71AE221824E5E004F9FA3 /* Map.swift in Sources */,
				94C71AE421824E7A004F9FA3 /* Map_Ctr.swift in Sources */,
				94C71AD721822D96004F9FA3 /* OpenWeatherAPI.swift in Sources */,
				94C71ADC21824129004F9FA3 /* Result.swift in Sources */,
				94C71B0821852FE1004F9FA3 /* OpenWeatherAPI_CurrentWeather.swift in Sources */,
				94C71AF021825698004F9FA3 /* Root.swift in Sources */,
				94C71AFA2182A4B5004F9FA3 /* Root_BaseCtr.swift in Sources */,
				94C71AED21825664004F9FA3 /* Root_Ctr.swift in Sources */,
				94C71ADF21824B60004F9FA3 /* WeatherProvider.swift in Sources */,
				94C71AF5218290B4004F9FA3 /* WeatherSnapshot.swift in Sources */,
			);
			runOnlyForDeploymentPostprocessing = 0;
		};
		94C71AA7218228C4004F9FA3 /* Sources */ = {
			isa = PBXSourcesBuildPhase;
			buildActionMask = 2147483647;
			files = (
				94C71AD221822B5A004F9FA3 /* OpenWeatherAPITests.swift in Sources */,
			);
			runOnlyForDeploymentPostprocessing = 0;
		};
/* End PBXSourcesBuildPhase section */

/* Begin PBXTargetDependency section */
		94C71AAD218228C4004F9FA3 /* PBXTargetDependency */ = {
			isa = PBXTargetDependency;
			target = 94C71A93218228C3004F9FA3 /* WeatherNow */;
			targetProxy = 94C71AAC218228C4004F9FA3 /* PBXContainerItemProxy */;
		};
/* End PBXTargetDependency section */

/* Begin XCBuildConfiguration section */
		94C71AB2218228C4004F9FA3 /* Debug */ = {
			isa = XCBuildConfiguration;
			buildSettings = {
				ALWAYS_SEARCH_USER_PATHS = NO;
				CLANG_ANALYZER_NONNULL = YES;
				CLANG_ANALYZER_NUMBER_OBJECT_CONVERSION = YES_AGGRESSIVE;
				CLANG_CXX_LANGUAGE_STANDARD = "gnu++14";
				CLANG_CXX_LIBRARY = "libc++";
				CLANG_ENABLE_MODULES = YES;
				CLANG_ENABLE_OBJC_ARC = YES;
				CLANG_ENABLE_OBJC_WEAK = YES;
				CLANG_WARN_BLOCK_CAPTURE_AUTORELEASING = YES;
				CLANG_WARN_BOOL_CONVERSION = YES;
				CLANG_WARN_COMMA = YES;
				CLANG_WARN_CONSTANT_CONVERSION = YES;
				CLANG_WARN_DEPRECATED_OBJC_IMPLEMENTATIONS = YES;
				CLANG_WARN_DIRECT_OBJC_ISA_USAGE = YES_ERROR;
				CLANG_WARN_DOCUMENTATION_COMMENTS = YES;
				CLANG_WARN_EMPTY_BODY = YES;
				CLANG_WARN_ENUM_CONVERSION = YES;
				CLANG_WARN_INFINITE_RECURSION = YES;
				CLANG_WARN_INT_CONVERSION = YES;
				CLANG_WARN_NON_LITERAL_NULL_CONVERSION = YES;
				CLANG_WARN_OBJC_IMPLICIT_RETAIN_SELF = YES;
				CLANG_WARN_OBJC_LITERAL_CONVERSION = YES;
				CLANG_WARN_OBJC_ROOT_CLASS = YES_ERROR;
				CLANG_WARN_RANGE_LOOP_ANALYSIS = YES;
				CLANG_WARN_STRICT_PROTOTYPES = YES;
				CLANG_WARN_SUSPICIOUS_MOVE = YES;
				CLANG_WARN_UNGUARDED_AVAILABILITY = YES_AGGRESSIVE;
				CLANG_WARN_UNREACHABLE_CODE = YES;
				CLANG_WARN__DUPLICATE_METHOD_MATCH = YES;
				CODE_SIGN_IDENTITY = "iPhone Developer";
				COPY_PHASE_STRIP = NO;
				DEBUG_INFORMATION_FORMAT = dwarf;
				ENABLE_STRICT_OBJC_MSGSEND = YES;
				ENABLE_TESTABILITY = YES;
				GCC_C_LANGUAGE_STANDARD = gnu11;
				GCC_DYNAMIC_NO_PIC = NO;
				GCC_NO_COMMON_BLOCKS = YES;
				GCC_OPTIMIZATION_LEVEL = 0;
				GCC_PREPROCESSOR_DEFINITIONS = (
					"DEBUG=1",
					"$(inherited)",
				);
				GCC_WARN_64_TO_32_BIT_CONVERSION = YES;
				GCC_WARN_ABOUT_RETURN_TYPE = YES_ERROR;
				GCC_WARN_UNDECLARED_SELECTOR = YES;
				GCC_WARN_UNINITIALIZED_AUTOS = YES_AGGRESSIVE;
				GCC_WARN_UNUSED_FUNCTION = YES;
				GCC_WARN_UNUSED_VARIABLE = YES;
				IPHONEOS_DEPLOYMENT_TARGET = 12.0;
				MTL_ENABLE_DEBUG_INFO = INCLUDE_SOURCE;
				MTL_FAST_MATH = YES;
				ONLY_ACTIVE_ARCH = YES;
				SDKROOT = iphoneos;
				SWIFT_ACTIVE_COMPILATION_CONDITIONS = DEBUG;
				SWIFT_OPTIMIZATION_LEVEL = "-Onone";
			};
			name = Debug;
		};
		94C71AB3218228C4004F9FA3 /* Release */ = {
			isa = XCBuildConfiguration;
			buildSettings = {
				ALWAYS_SEARCH_USER_PATHS = NO;
				CLANG_ANALYZER_NONNULL = YES;
				CLANG_ANALYZER_NUMBER_OBJECT_CONVERSION = YES_AGGRESSIVE;
				CLANG_CXX_LANGUAGE_STANDARD = "gnu++14";
				CLANG_CXX_LIBRARY = "libc++";
				CLANG_ENABLE_MODULES = YES;
				CLANG_ENABLE_OBJC_ARC = YES;
				CLANG_ENABLE_OBJC_WEAK = YES;
				CLANG_WARN_BLOCK_CAPTURE_AUTORELEASING = YES;
				CLANG_WARN_BOOL_CONVERSION = YES;
				CLANG_WARN_COMMA = YES;
				CLANG_WARN_CONSTANT_CONVERSION = YES;
				CLANG_WARN_DEPRECATED_OBJC_IMPLEMENTATIONS = YES;
				CLANG_WARN_DIRECT_OBJC_ISA_USAGE = YES_ERROR;
				CLANG_WARN_DOCUMENTATION_COMMENTS = YES;
				CLANG_WARN_EMPTY_BODY = YES;
				CLANG_WARN_ENUM_CONVERSION = YES;
				CLANG_WARN_INFINITE_RECURSION = YES;
				CLANG_WARN_INT_CONVERSION = YES;
				CLANG_WARN_NON_LITERAL_NULL_CONVERSION = YES;
				CLANG_WARN_OBJC_IMPLICIT_RETAIN_SELF = YES;
				CLANG_WARN_OBJC_LITERAL_CONVERSION = YES;
				CLANG_WARN_OBJC_ROOT_CLASS = YES_ERROR;
				CLANG_WARN_RANGE_LOOP_ANALYSIS = YES;
				CLANG_WARN_STRICT_PROTOTYPES = YES;
				CLANG_WARN_SUSPICIOUS_MOVE = YES;
				CLANG_WARN_UNGUARDED_AVAILABILITY = YES_AGGRESSIVE;
				CLANG_WARN_UNREACHABLE_CODE = YES;
				CLANG_WARN__DUPLICATE_METHOD_MATCH = YES;
				CODE_SIGN_IDENTITY = "iPhone Developer";
				COPY_PHASE_STRIP = NO;
				DEBUG_INFORMATION_FORMAT = "dwarf-with-dsym";
				ENABLE_NS_ASSERTIONS = NO;
				ENABLE_STRICT_OBJC_MSGSEND = YES;
				GCC_C_LANGUAGE_STANDARD = gnu11;
				GCC_NO_COMMON_BLOCKS = YES;
				GCC_WARN_64_TO_32_BIT_CONVERSION = YES;
				GCC_WARN_ABOUT_RETURN_TYPE = YES_ERROR;
				GCC_WARN_UNDECLARED_SELECTOR = YES;
				GCC_WARN_UNINITIALIZED_AUTOS = YES_AGGRESSIVE;
				GCC_WARN_UNUSED_FUNCTION = YES;
				GCC_WARN_UNUSED_VARIABLE = YES;
				IPHONEOS_DEPLOYMENT_TARGET = 12.0;
				MTL_ENABLE_DEBUG_INFO = NO;
				MTL_FAST_MATH = YES;
				SDKROOT = iphoneos;
				SWIFT_COMPILATION_MODE = wholemodule;
				SWIFT_OPTIMIZATION_LEVEL = "-O";
				VALIDATE_PRODUCT = YES;
			};
			name = Release;
		};
		94C71AB5218228C4004F9FA3 /* Debug */ = {
			isa = XCBuildConfiguration;
			buildSettings = {
				ASSETCATALOG_COMPILER_APPICON_NAME = AppIcon;
				CODE_SIGN_STYLE = Automatic;
				INFOPLIST_FILE = Config/WeatherNow.plist;
				LD_RUNPATH_SEARCH_PATHS = (
					"$(inherited)",
					"@executable_path/Frameworks",
				);
				PRODUCT_BUNDLE_IDENTIFIER = khatskevich.maxim.WeatherNow;
				PRODUCT_NAME = "$(TARGET_NAME)";
				SWIFT_VERSION = 4.2;
				TARGETED_DEVICE_FAMILY = "1,2";
			};
			name = Debug;
		};
		94C71AB6218228C4004F9FA3 /* Release */ = {
			isa = XCBuildConfiguration;
			buildSettings = {
				ASSETCATALOG_COMPILER_APPICON_NAME = AppIcon;
				CODE_SIGN_STYLE = Automatic;
				INFOPLIST_FILE = Config/WeatherNow.plist;
				LD_RUNPATH_SEARCH_PATHS = (
					"$(inherited)",
					"@executable_path/Frameworks",
				);
				PRODUCT_BUNDLE_IDENTIFIER = khatskevich.maxim.WeatherNow;
				PRODUCT_NAME = "$(TARGET_NAME)";
				SWIFT_VERSION = 4.2;
				TARGETED_DEVICE_FAMILY = "1,2";
			};
			name = Release;
		};
		94C71AB8218228C4004F9FA3 /* Debug */ = {
			isa = XCBuildConfiguration;
			buildSettings = {
				ALWAYS_EMBED_SWIFT_STANDARD_LIBRARIES = YES;
				BUNDLE_LOADER = "$(TEST_HOST)";
				CODE_SIGN_STYLE = Automatic;
				INFOPLIST_FILE = Config/WeatherNowTests.plist;
				LD_RUNPATH_SEARCH_PATHS = (
					"$(inherited)",
					"@executable_path/Frameworks",
					"@loader_path/Frameworks",
				);
				PRODUCT_BUNDLE_IDENTIFIER = khatskevich.maxim.WeatherNowTests;
				PRODUCT_NAME = "$(TARGET_NAME)";
				SWIFT_VERSION = 4.2;
				TARGETED_DEVICE_FAMILY = "1,2";
				TEST_HOST = "$(BUILT_PRODUCTS_DIR)/WeatherNow.app/WeatherNow";
			};
			name = Debug;
		};
		94C71AB9218228C4004F9FA3 /* Release */ = {
			isa = XCBuildConfiguration;
			buildSettings = {
				ALWAYS_EMBED_SWIFT_STANDARD_LIBRARIES = YES;
				BUNDLE_LOADER = "$(TEST_HOST)";
				CODE_SIGN_STYLE = Automatic;
				INFOPLIST_FILE = Config/WeatherNowTests.plist;
				LD_RUNPATH_SEARCH_PATHS = (
					"$(inherited)",
					"@executable_path/Frameworks",
					"@loader_path/Frameworks",
				);
				PRODUCT_BUNDLE_IDENTIFIER = khatskevich.maxim.WeatherNowTests;
				PRODUCT_NAME = "$(TARGET_NAME)";
				SWIFT_VERSION = 4.2;
				TARGETED_DEVICE_FAMILY = "1,2";
				TEST_HOST = "$(BUILT_PRODUCTS_DIR)/WeatherNow.app/WeatherNow";
			};
			name = Release;
		};
/* End XCBuildConfiguration section */

/* Begin XCConfigurationList section */
		94C71A8F218228C3004F9FA3 /* Build configuration list for PBXProject "WeatherNow" */ = {
			isa = XCConfigurationList;
			buildConfigurations = (
				94C71AB2218228C4004F9FA3 /* Debug */,
				94C71AB3218228C4004F9FA3 /* Release */,
			);
			defaultConfigurationIsVisible = 0;
			defaultConfigurationName = Release;
		};
		94C71AB4218228C4004F9FA3 /* Build configuration list for PBXNativeTarget "WeatherNow" */ = {
			isa = XCConfigurationList;
			buildConfigurations = (
				94C71AB5218228C4004F9FA3 /* Debug */,
				94C71AB6218228C4004F9FA3 /* Release */,
			);
			defaultConfigurationIsVisible = 0;
			defaultConfigurationName = Release;
		};
		94C71AB7218228C4004F9FA3 /* Build configuration list for PBXNativeTarget "WeatherNowTests" */ = {
			isa = XCConfigurationList;
			buildConfigurations = (
				94C71AB8218228C4004F9FA3 /* Debug */,
				94C71AB9218228C4004F9FA3 /* Release */,
			);
			defaultConfigurationIsVisible = 0;
			defaultConfigurationName = Release;
		};
/* End XCConfigurationList section */
	};
	rootObject = 94C71A8C218228C3004F9FA3 /* Project object */;
}
